
Microsoft Visual Studio Solution File, Format Version 12.00
# Visual Studio Version 17
VisualStudioVersion = 17.7.34031.279
MinimumVisualStudioVersion = 10.0.40219.1
Project("{FAE04EC0-301F-11D3-BF4B-00C04F79EFBC}") = "Biblioteket", "Biblioteket.csproj", "{ECF4F95A-DAF9-4034-B44F-5A046D8D7763}"
EndProject
Global
	GlobalSection(SolutionConfigurationPlatforms) = preSolution
		Debug|Any CPU = Debug|Any CPU
		Release|Any CPU = Release|Any CPU
	EndGlobalSection
	GlobalSection(ProjectConfigurationPlatforms) = postSolution
		{ECF4F95A-DAF9-4034-B44F-5A046D8D7763}.Debug|Any CPU.ActiveCfg = Debug|Any CPU
		{ECF4F95A-DAF9-4034-B44F-5A046D8D7763}.Debug|Any CPU.Build.0 = Debug|Any CPU
		{ECF4F95A-DAF9-4034-B44F-5A046D8D7763}.Release|Any CPU.ActiveCfg = Release|Any CPU
		{ECF4F95A-DAF9-4034-B44F-5A046D8D7763}.Release|Any CPU.Build.0 = Release|Any CPU
	EndGlobalSection
	GlobalSection(SolutionProperties) = preSolution
		HideSolutionNode = FALSE
	EndGlobalSection
	GlobalSection(ExtensibilityGlobals) = postSolution
		SolutionGuid = {B90AE5F5-08BA-46F4-A18C-2901CA699EB0}
	EndGlobalSection
EndGlobal
